<?xml version="1.0" encoding="utf-8"?>
<Project ToolsVersion="4.0" xmlns="http://schemas.microsoft.com/developer/msbuild/2003">
  <ItemGroup>
    <Filter Include="Quelldateien">
      <UniqueIdentifier>{4FC737F1-C7A5-4376-A066-2A32D752A2FF}</UniqueIdentifier>
      <Extensions>cpp;c;cc;cxx;c++;cppm;ixx;def;odl;idl;hpj;bat;asm;asmx</Extensions>
    </Filter>
    <Filter Include="Headerdateien">
      <UniqueIdentifier>{93995380-89BD-4b04-88EB-625FBE52EBFB}</UniqueIdentifier>
      <Extensions>h;hh;hpp;hxx;h++;hm;inl;inc;ipp;xsd</Extensions>
    </Filter>
    <Filter Include="Ressourcendateien">
      <UniqueIdentifier>{67DA6AB6-F800-4c08-8B7A-83BB121AAD01}</UniqueIdentifier>
      <Extensions>rc;ico;cur;bmp;dlg;rc2;rct;bin;rgs;gif;jpg;jpeg;jpe;resx;tiff;tif;png;wav;mfcribbon-ms</Extensions>
    </Filter>
  </ItemGroup>
  <ItemGroup>
    <ClCompile Include="..\AbstractParticleSystem.cpp">
      <Filter>Quelldateien</Filter>
    </ClCompile>
    <ClCompile Include="..\ArcBall.cpp">
      <Filter>Quelldateien</Filter>
    </ClCompile>
    <ClCompile Include="..\bmp.cpp">
      <Filter>Quelldateien</Filter>
    </ClCompile>
    <ClCompile Include="..\FontRenderer.cpp">
      <Filter>Quelldateien</Filter>
    </ClCompile>
    <ClCompile Include="..\FresnelVisualizer.cpp">
      <Filter>Quelldateien</Filter>
    </ClCompile>
    <ClCompile Include="..\GLApp.cpp">
      <Filter>Quelldateien</Filter>
    </ClCompile>
    <ClCompile Include="..\GLArray.cpp">
      <Filter>Quelldateien</Filter>
    </ClCompile>
    <ClCompile Include="..\GLBuffer.cpp">
      <Filter>Quelldateien</Filter>
    </ClCompile>
    <ClCompile Include="..\GLDebug.cpp">
      <Filter>Quelldateien</Filter>
    </ClCompile>
    <ClCompile Include="..\GLDepthBuffer.cpp">
      <Filter>Quelldateien</Filter>
    </ClCompile>
    <ClCompile Include="..\GLEnv.cpp">
      <Filter>Quelldateien</Filter>
    </ClCompile>
    <ClCompile Include="..\GLFramebuffer.cpp">
      <Filter>Quelldateien</Filter>
    </ClCompile>
    <ClCompile Include="..\GLProgram.cpp">
      <Filter>Quelldateien</Filter>
    </ClCompile>
    <ClCompile Include="..\GLTexture1D.cpp">
      <Filter>Quelldateien</Filter>
    </ClCompile>
    <ClCompile Include="..\GLTexture2D.cpp">
      <Filter>Quelldateien</Filter>
    </ClCompile>
    <ClCompile Include="..\GLTexture3D.cpp">
      <Filter>Quelldateien</Filter>
    </ClCompile>
    <ClCompile Include="..\Grid2D.cpp">
      <Filter>Quelldateien</Filter>
    </ClCompile>
    <ClCompile Include="..\OBJFile.cpp">
      <Filter>Quelldateien</Filter>
    </ClCompile>
    <ClCompile Include="..\ParticleSystem.cpp">
      <Filter>Quelldateien</Filter>
    </ClCompile>
    <ClCompile Include="..\PlanarMirror.cpp">
      <Filter>Quelldateien</Filter>
    </ClCompile>
    <ClCompile Include="..\PrecomputedParticleSystem.cpp">
      <Filter>Quelldateien</Filter>
    </ClCompile>
    <ClCompile Include="..\Rand.cpp">
      <Filter>Quelldateien</Filter>
    </ClCompile>
    <ClCompile Include="..\Tesselation.cpp">
      <Filter>Quelldateien</Filter>
    </ClCompile>
    <ClCompile Include="..\Image.cpp">
      <Filter>Quelldateien</Filter>
    </ClCompile>
    <ClCompile Include="..\MD5.cpp">
      <Filter>Quelldateien</Filter>
    </ClCompile>
    <ClCompile Include="..\SHA2.cpp">
      <Filter>Quelldateien</Filter>
    </ClCompile>
    <ClCompile Include="..\SHA1.cpp">
      <Filter>Quelldateien</Filter>
    </ClCompile>
  </ItemGroup>
  <ItemGroup>
    <ClInclude Include="..\AbstractParticleSystem.h">
      <Filter>Headerdateien</Filter>
    </ClInclude>
    <ClInclude Include="..\ArcBall.h">
      <Filter>Headerdateien</Filter>
    </ClInclude>
    <ClInclude Include="..\bmp.h">
      <Filter>Headerdateien</Filter>
    </ClInclude>
    <ClInclude Include="..\Camera.h">
      <Filter>Headerdateien</Filter>
    </ClInclude>
    <ClInclude Include="..\FontRenderer.h">
      <Filter>Headerdateien</Filter>
    </ClInclude>
    <ClInclude Include="..\FresnelVisualizer.h">
      <Filter>Headerdateien</Filter>
    </ClInclude>
    <ClInclude Include="..\GLApp.h">
      <Filter>Headerdateien</Filter>
    </ClInclude>
    <ClInclude Include="..\GLArray.h">
      <Filter>Headerdateien</Filter>
    </ClInclude>
    <ClInclude Include="..\GLBuffer.h">
      <Filter>Headerdateien</Filter>
    </ClInclude>
    <ClInclude Include="..\GLDebug.h">
      <Filter>Headerdateien</Filter>
    </ClInclude>
    <ClInclude Include="..\GLDepthBuffer.h">
      <Filter>Headerdateien</Filter>
    </ClInclude>
    <ClInclude Include="..\GLEnv.h">
      <Filter>Headerdateien</Filter>
    </ClInclude>
    <ClInclude Include="..\GLFramebuffer.h">
      <Filter>Headerdateien</Filter>
    </ClInclude>
    <ClInclude Include="..\GLProgram.h">
      <Filter>Headerdateien</Filter>
    </ClInclude>
    <ClInclude Include="..\GLTexture1D.h">
      <Filter>Headerdateien</Filter>
    </ClInclude>
    <ClInclude Include="..\GLTexture2D.h">
      <Filter>Headerdateien</Filter>
    </ClInclude>
    <ClInclude Include="..\GLTexture3D.h">
      <Filter>Headerdateien</Filter>
    </ClInclude>
    <ClInclude Include="..\Grid2D.h">
      <Filter>Headerdateien</Filter>
    </ClInclude>
    <ClInclude Include="..\Mat4.h">
      <Filter>Headerdateien</Filter>
    </ClInclude>
    <ClInclude Include="..\OBJFile.h">
      <Filter>Headerdateien</Filter>
    </ClInclude>
    <ClInclude Include="..\ParticleSystem.h">
      <Filter>Headerdateien</Filter>
    </ClInclude>
    <ClInclude Include="..\PlanarMirror.h">
      <Filter>Headerdateien</Filter>
    </ClInclude>
    <ClInclude Include="..\PrecomputedParticleSystem.h">
      <Filter>Headerdateien</Filter>
    </ClInclude>
    <ClInclude Include="..\Quaternion.h">
      <Filter>Headerdateien</Filter>
    </ClInclude>
    <ClInclude Include="..\Rand.h">
      <Filter>Headerdateien</Filter>
    </ClInclude>
    <ClInclude Include="..\Tesselation.h">
      <Filter>Headerdateien</Filter>
    </ClInclude>
    <ClInclude Include="..\Vec2.h">
      <Filter>Headerdateien</Filter>
    </ClInclude>
    <ClInclude Include="..\Vec3.h">
      <Filter>Headerdateien</Filter>
    </ClInclude>
    <ClInclude Include="..\Vec4.h">
      <Filter>Headerdateien</Filter>
    </ClInclude>
    <ClInclude Include="..\Image.h">
      <Filter>Headerdateien</Filter>
    </ClInclude>
    <ClInclude Include="..\Mat3.h">
      <Filter>Headerdateien</Filter>
    </ClInclude>
    <ClInclude Include="..\..\VS\include\GLFW\glfw3.h">
      <Filter>Headerdateien</Filter>
    </ClInclude>
    <ClInclude Include="..\..\VS\include\GLFW\glfw3native.h">
      <Filter>Headerdateien</Filter>
    </ClInclude>
    <ClInclude Include="..\..\VS\include\GL\eglew.h">
      <Filter>Headerdateien</Filter>
    </ClInclude>
    <ClInclude Include="..\..\VS\include\GL\glew.h">
      <Filter>Headerdateien</Filter>
    </ClInclude>
    <ClInclude Include="..\..\VS\include\GL\glxew.h">
      <Filter>Headerdateien</Filter>
    </ClInclude>
    <ClInclude Include="..\..\VS\include\GL\wglew.h">
      <Filter>Headerdateien</Filter>
    </ClInclude>
    <ClInclude Include="..\MD5.h">
      <Filter>Headerdateien</Filter>
    </ClInclude>
    <ClInclude Include="..\ColorConversion.h">
      <Filter>Headerdateien</Filter>
    </ClInclude>
    <ClInclude Include="..\SHA1.h">
      <Filter>Headerdateien</Filter>
    </ClInclude>
    <ClInclude Include="..\SHA2.h">
      <Filter>Headerdateien</Filter>
    </ClInclude>
  </ItemGroup>
</Project>