<?xml version="1.0" encoding="utf-8"?>
<Project ToolsVersion="4.0" xmlns="http://schemas.microsoft.com/developer/msbuild/2003">
  <ItemGroup>
    <Filter Include="glew">
      <UniqueIdentifier>{54e27859-8136-443d-a34a-33579438abdc}</UniqueIdentifier>
    </Filter>
  </ItemGroup>
  <ItemGroup>
    <ClCompile Include="$(MSBuildThisFileDirectory)utils_unitybuild.cpp" />
    <ClCompile Include="$(MSBuildThisFileDirectory)glew.c">
      <Filter>glew</Filter>
    </ClCompile>
    <ClCompile Include="$(MSBuildThisFileDirectory)..\..\Utils\AbstractParticleSystem.cpp" />
    <ClCompile Include="$(MSBuildThisFileDirectory)..\..\Utils\ArcBall.cpp" />
    <ClCompile Include="$(MSBuildThisFileDirectory)..\..\Utils\bmp.cpp" />
    <ClCompile Include="$(MSBuildThisFileDirectory)..\..\Utils\FontRenderer.cpp" />
    <ClCompile Include="$(MSBuildThisFileDirectory)..\..\Utils\FresnelVisualizer.cpp" />
    <ClCompile Include="$(MSBuildThisFileDirectory)..\..\Utils\GLApp.cpp" />
    <ClCompile Include="$(MSBuildThisFileDirectory)..\..\Utils\GLArray.cpp" />
    <ClCompile Include="$(MSBuildThisFileDirectory)..\..\Utils\GLBuffer.cpp" />
    <ClCompile Include="$(MSBuildThisFileDirectory)..\..\Utils\GLDebug.cpp" />
    <ClCompile Include="$(MSBuildThisFileDirectory)..\..\Utils\GLDepthBuffer.cpp" />
    <ClCompile Include="$(MSBuildThisFileDirectory)..\..\Utils\GLEnv.cpp" />
    <ClCompile Include="$(MSBuildThisFileDirectory)..\..\Utils\GLFramebuffer.cpp" />
    <ClCompile Include="$(MSBuildThisFileDirectory)..\..\Utils\GLProgram.cpp" />
    <ClCompile Include="$(MSBuildThisFileDirectory)..\..\Utils\GLTexture1D.cpp" />
    <ClCompile Include="$(MSBuildThisFileDirectory)..\..\Utils\GLTexture2D.cpp" />
    <ClCompile Include="$(MSBuildThisFileDirectory)..\..\Utils\GLTexture3D.cpp" />
    <ClCompile Include="$(MSBuildThisFileDirectory)..\..\Utils\Grid2D.cpp" />
    <ClCompile Include="$(MSBuildThisFileDirectory)..\..\Utils\Image.cpp" />
    <ClCompile Include="$(MSBuildThisFileDirectory)..\..\Utils\MD5.cpp" />
    <ClCompile Include="$(MSBuildThisFileDirectory)..\..\Utils\OBJFile.cpp" />
    <ClCompile Include="$(MSBuildThisFileDirectory)..\..\Utils\ParticleSystem.cpp" />
    <ClCompile Include="$(MSBuildThisFileDirectory)..\..\Utils\PlanarMirror.cpp" />
    <ClCompile Include="$(MSBuildThisFileDirectory)..\..\Utils\PrecomputedParticleSystem.cpp" />
    <ClCompile Include="$(MSBuildThisFileDirectory)..\..\Utils\Rand.cpp" />
    <ClCompile Include="$(MSBuildThisFileDirectory)..\..\Utils\SHA1.cpp" />
    <ClCompile Include="$(MSBuildThisFileDirectory)..\..\Utils\SHA2.cpp" />
    <ClCompile Include="$(MSBuildThisFileDirectory)..\..\Utils\Tesselation.cpp" />
    <ClCompile Include="$(MSBuildThisFileDirectory)..\..\Utils\DeferredShader.cpp" />
  </ItemGroup>
  <ItemGroup>
    <ClInclude Include="$(MSBuildThisFileDirectory)GL\wglew.h">
      <Filter>glew</Filter>
    </ClInclude>
    <ClInclude Include="$(MSBuildThisFileDirectory)GL\glew.h">
      <Filter>glew</Filter>
    </ClInclude>
    <ClInclude Include="$(MSBuildThisFileDirectory)GL\eglew.h">
      <Filter>glew</Filter>
    </ClInclude>
    <ClInclude Include="$(MSBuildThisFileDirectory)GL\glxew.h">
      <Filter>glew</Filter>
    </ClInclude>
    <ClInclude Include="$(MSBuildThisFileDirectory)..\..\Utils\AbstractParticleSystem.h" />
    <ClInclude Include="$(MSBuildThisFileDirectory)..\..\Utils\ArcBall.h" />
    <ClInclude Include="$(MSBuildThisFileDirectory)..\..\Utils\bmp.h" />
    <ClInclude Include="$(MSBuildThisFileDirectory)..\..\Utils\Camera.h" />
    <ClInclude Include="$(MSBuildThisFileDirectory)..\..\Utils\ColorConversion.h" />
    <ClInclude Include="$(MSBuildThisFileDirectory)..\..\Utils\FontRenderer.h" />
    <ClInclude Include="$(MSBuildThisFileDirectory)..\..\Utils\FresnelVisualizer.h" />
    <ClInclude Include="$(MSBuildThisFileDirectory)..\..\Utils\GLApp.h" />
    <ClInclude Include="$(MSBuildThisFileDirectory)..\..\Utils\GLArray.h" />
    <ClInclude Include="$(MSBuildThisFileDirectory)..\..\Utils\GLBuffer.h" />
    <ClInclude Include="$(MSBuildThisFileDirectory)..\..\Utils\GLDebug.h" />
    <ClInclude Include="$(MSBuildThisFileDirectory)..\..\Utils\GLDepthBuffer.h" />
    <ClInclude Include="$(MSBuildThisFileDirectory)..\..\Utils\GLEnv.h" />
    <ClInclude Include="$(MSBuildThisFileDirectory)..\..\Utils\GLFramebuffer.h" />
    <ClInclude Include="$(MSBuildThisFileDirectory)..\..\Utils\GLProgram.h" />
    <ClInclude Include="$(MSBuildThisFileDirectory)..\..\Utils\GLTexture1D.h" />
    <ClInclude Include="$(MSBuildThisFileDirectory)..\..\Utils\GLTexture2D.h" />
    <ClInclude Include="$(MSBuildThisFileDirectory)..\..\Utils\GLTexture3D.h" />
    <ClInclude Include="$(MSBuildThisFileDirectory)..\..\Utils\Grid2D.h" />
    <ClInclude Include="$(MSBuildThisFileDirectory)..\..\Utils\Image.h" />
    <ClInclude Include="$(MSBuildThisFileDirectory)..\..\Utils\Mat3.h" />
    <ClInclude Include="$(MSBuildThisFileDirectory)..\..\Utils\Mat4.h" />
    <ClInclude Include="$(MSBuildThisFileDirectory)..\..\Utils\MD5.h" />
    <ClInclude Include="$(MSBuildThisFileDirectory)..\..\Utils\OBJFile.h" />
    <ClInclude Include="$(MSBuildThisFileDirectory)..\..\Utils\ParticleSystem.h" />
    <ClInclude Include="$(MSBuildThisFileDirectory)..\..\Utils\PlanarMirror.h" />
    <ClInclude Include="$(MSBuildThisFileDirectory)..\..\Utils\PrecomputedParticleSystem.h" />
    <ClInclude Include="$(MSBuildThisFileDirectory)..\..\Utils\Quaternion.h" />
    <ClInclude Include="$(MSBuildThisFileDirectory)..\..\Utils\Rand.h" />
    <ClInclude Include="$(MSBuildThisFileDirectory)..\..\Utils\SHA1.h" />
    <ClInclude Include="$(MSBuildThisFileDirectory)..\..\Utils\SHA2.h" />
    <ClInclude Include="$(MSBuildThisFileDirectory)..\..\Utils\Tesselation.h" />
    <ClInclude Include="$(MSBuildThisFileDirectory)..\..\Utils\Vec2.h" />
    <ClInclude Include="$(MSBuildThisFileDirectory)..\..\Utils\Vec3.h" />
    <ClInclude Include="$(MSBuildThisFileDirectory)..\..\Utils\Vec4.h" />
    <ClInclude Include="$(MSBuildThisFileDirectory)..\..\Utils\DeferredShader.h" />
    <ClInclude Include="$(MSBuildThisFileDirectory)..\..\Utils\MeshRenderer.h" />
  </ItemGroup>
</Project>