<?xml version="1.0" encoding="utf-8"?>
<Project ToolsVersion="4.0" xmlns="http://schemas.microsoft.com/developer/msbuild/2003">
  <ItemGroup>
    <Filter Include="glad">
      <UniqueIdentifier>{ab27bd29-31d8-4853-84ef-f5c44fa53c37}</UniqueIdentifier>
    </Filter>
    <Filter Include="glfw">
      <UniqueIdentifier>{51f15cd3-a4d0-4bf1-ad52-07da0c3576df}</UniqueIdentifier>
    </Filter>
  </ItemGroup>
  <ItemGroup>
    <ClInclude Include="$(MSBuildThisFileDirectory)..\include\glad\gl.h">
      <Filter>glad</Filter>
    </ClInclude>
    <ClInclude Include="$(MSBuildThisFileDirectory)..\include\glad\gles2.h">
      <Filter>glad</Filter>
    </ClInclude>
    <ClInclude Include="$(MSBuildThisFileDirectory)..\include\glad\vulkan.h">
      <Filter>glad</Filter>
    </ClInclude>
    <ClInclude Include="$(MSBuildThisFileDirectory)..\include\GLFW\glfw3.h">
      <Filter>glfw</Filter>
    </ClInclude>
    <ClInclude Include="$(MSBuildThisFileDirectory)..\include\GLFW\glfw3native.h">
      <Filter>glfw</Filter>
    </ClInclude>
  </ItemGroup>
  <ItemGroup>
    <ClCompile Include="$(MSBuildThisFileDirectory)glfw_unitybuild.c" />
  </ItemGroup>
</Project>