// !$*UTF8*$!
{
	archiveVersion = 1;
	classes = {
	};
	objectVersion = 50;
	objects = {

/* Begin PBXBuildFile section */
		A231F11325EAF65400CBFC23 /* BattleShips.cpp in Sources */ = {isa = PBXBuildFile; fileRef = A231F10C25EAF65400CBFC23 /* BattleShips.cpp */; };
		A231F11425EAF65400CBFC23 /* main.cpp in Sources */ = {isa = PBXBuildFile; fileRef = A231F10D25EAF65400CBFC23 /* main.cpp */; };
		A231F11525EAF65400CBFC23 /* MD5.cpp in Sources */ = {isa = PBXBuildFile; fileRef = A231F11125EAF65400CBFC23 /* MD5.cpp */; };
		A231F11625EAF65400CBFC23 /* GameClient.cpp in Sources */ = {isa = PBXBuildFile; fileRef = A231F11225EAF65400CBFC23 /* GameClient.cpp */; };
		A231F11B25EB1AA000CBFC23 /* ShipPlacement.cpp in Sources */ = {isa = PBXBuildFile; fileRef = A231F11925EB1AA000CBFC23 /* ShipPlacement.cpp */; };
/* End PBXBuildFile section */

/* Begin PBXCopyFilesBuildPhase section */
		A231F0FD25EAF61A00CBFC23 /* CopyFiles */ = {
			isa = PBXCopyFilesBuildPhase;
			buildActionMask = 2147483647;
			dstPath = /usr/share/man/man1/;
			dstSubfolderSpec = 0;
			files = (
			);
			runOnlyForDeploymentPostprocessing = 1;
		};
/* End PBXCopyFilesBuildPhase section */

/* Begin PBXFileReference section */
		A231F0FF25EAF61A00CBFC23 /* Battleships */ = {isa = PBXFileReference; explicitFileType = "compiled.mach-o.executable"; includeInIndex = 0; path = Battleships; sourceTree = BUILT_PRODUCTS_DIR; };
		A231F10C25EAF65400CBFC23 /* BattleShips.cpp */ = {isa = PBXFileReference; fileEncoding = 4; lastKnownFileType = sourcecode.cpp.cpp; path = BattleShips.cpp; sourceTree = "<group>"; };
		A231F10D25EAF65400CBFC23 /* main.cpp */ = {isa = PBXFileReference; fileEncoding = 4; lastKnownFileType = sourcecode.cpp.cpp; path = main.cpp; sourceTree = "<group>"; };
		A231F10E25EAF65400CBFC23 /* GameClient.h */ = {isa = PBXFileReference; fileEncoding = 4; lastKnownFileType = sourcecode.c.h; path = GameClient.h; sourceTree = "<group>"; };
		A231F10F25EAF65400CBFC23 /* MD5.h */ = {isa = PBXFileReference; fileEncoding = 4; lastKnownFileType = sourcecode.c.h; path = MD5.h; sourceTree = "<group>"; };
		A231F11025EAF65400CBFC23 /* BattleShips.h */ = {isa = PBXFileReference; fileEncoding = 4; lastKnownFileType = sourcecode.c.h; path = BattleShips.h; sourceTree = "<group>"; };
		A231F11125EAF65400CBFC23 /* MD5.cpp */ = {isa = PBXFileReference; fileEncoding = 4; lastKnownFileType = sourcecode.cpp.cpp; path = MD5.cpp; sourceTree = "<group>"; };
		A231F11225EAF65400CBFC23 /* GameClient.cpp */ = {isa = PBXFileReference; fileEncoding = 4; lastKnownFileType = sourcecode.cpp.cpp; path = GameClient.cpp; sourceTree = "<group>"; };
		A231F11925EB1AA000CBFC23 /* ShipPlacement.cpp */ = {isa = PBXFileReference; fileEncoding = 4; lastKnownFileType = sourcecode.cpp.cpp; path = ShipPlacement.cpp; sourceTree = "<group>"; };
		A231F11A25EB1AA000CBFC23 /* ShipPlacement.h */ = {isa = PBXFileReference; fileEncoding = 4; lastKnownFileType = sourcecode.c.h; path = ShipPlacement.h; sourceTree = "<group>"; };
/* End PBXFileReference section */

/* Begin PBXFrameworksBuildPhase section */
		A231F0FC25EAF61A00CBFC23 /* Frameworks */ = {
			isa = PBXFrameworksBuildPhase;
			buildActionMask = 2147483647;
			files = (
			);
			runOnlyForDeploymentPostprocessing = 0;
		};
/* End PBXFrameworksBuildPhase section */

/* Begin PBXGroup section */
		A231F0F625EAF61A00CBFC23 = {
			isa = PBXGroup;
			children = (
				A231F11925EB1AA000CBFC23 /* ShipPlacement.cpp */,
				A231F11A25EB1AA000CBFC23 /* ShipPlacement.h */,
				A231F10C25EAF65400CBFC23 /* BattleShips.cpp */,
				A231F11025EAF65400CBFC23 /* BattleShips.h */,
				A231F11225EAF65400CBFC23 /* GameClient.cpp */,
				A231F10E25EAF65400CBFC23 /* GameClient.h */,
				A231F10D25EAF65400CBFC23 /* main.cpp */,
				A231F11125EAF65400CBFC23 /* MD5.cpp */,
				A231F10F25EAF65400CBFC23 /* MD5.h */,
				A231F10025EAF61A00CBFC23 /* Products */,
			);
			sourceTree = "<group>";
		};
		A231F10025EAF61A00CBFC23 /* Products */ = {
			isa = PBXGroup;
			children = (
				A231F0FF25EAF61A00CBFC23 /* Battleships */,
			);
			name = Products;
			sourceTree = "<group>";
		};
/* End PBXGroup section */

/* Begin PBXNativeTarget section */
		A231F0FE25EAF61A00CBFC23 /* Battleships */ = {
			isa = PBXNativeTarget;
			buildConfigurationList = A231F10625EAF61A00CBFC23 /* Build configuration list for PBXNativeTarget "Battleships" */;
			buildPhases = (
				A231F0FB25EAF61A00CBFC23 /* Sources */,
				A231F0FC25EAF61A00CBFC23 /* Frameworks */,
				A231F0FD25EAF61A00CBFC23 /* CopyFiles */,
			);
			buildRules = (
			);
			dependencies = (
			);
			name = Battleships;
			productName = Battleships;
			productReference = A231F0FF25EAF61A00CBFC23 /* Battleships */;
			productType = "com.apple.product-type.tool";
		};
/* End PBXNativeTarget section */

/* Begin PBXProject section */
		A231F0F725EAF61A00CBFC23 /* Project object */ = {
			isa = PBXProject;
			attributes = {
				LastUpgradeCheck = 1240;
				TargetAttributes = {
					A231F0FE25EAF61A00CBFC23 = {
						CreatedOnToolsVersion = 12.4;
					};
				};
			};
			buildConfigurationList = A231F0FA25EAF61A00CBFC23 /* Build configuration list for PBXProject "BattleShips" */;
			compatibilityVersion = "Xcode 9.3";
			developmentRegion = en;
			hasScannedForEncodings = 0;
			knownRegions = (
				en,
				Base,
			);
			mainGroup = A231F0F625EAF61A00CBFC23;
			productRefGroup = A231F10025EAF61A00CBFC23 /* Products */;
			projectDirPath = "";
			projectRoot = "";
			targets = (
				A231F0FE25EAF61A00CBFC23 /* Battleships */,
			);
		};
/* End PBXProject section */

/* Begin PBXSourcesBuildPhase section */
		A231F0FB25EAF61A00CBFC23 /* Sources */ = {
			isa = PBXSourcesBuildPhase;
			buildActionMask = 2147483647;
			files = (
				A231F11625EAF65400CBFC23 /* GameClient.cpp in Sources */,
				A231F11B25EB1AA000CBFC23 /* ShipPlacement.cpp in Sources */,
				A231F11525EAF65400CBFC23 /* MD5.cpp in Sources */,
				A231F11425EAF65400CBFC23 /* main.cpp in Sources */,
				A231F11325EAF65400CBFC23 /* BattleShips.cpp in Sources */,
			);
			runOnlyForDeploymentPostprocessing = 0;
		};
/* End PBXSourcesBuildPhase section */

/* Begin XCBuildConfiguration section */
		A231F10425EAF61A00CBFC23 /* Debug */ = {
			isa = XCBuildConfiguration;
			buildSettings = {
				ALWAYS_SEARCH_USER_PATHS = NO;
				CLANG_ANALYZER_NONNULL = YES;
				CLANG_ANALYZER_NUMBER_OBJECT_CONVERSION = YES_AGGRESSIVE;
				CLANG_CXX_LANGUAGE_STANDARD = "gnu++17";
				CLANG_CXX_LIBRARY = "libc++";
				CLANG_ENABLE_MODULES = YES;
				CLANG_ENABLE_OBJC_ARC = YES;
				CLANG_ENABLE_OBJC_WEAK = YES;
				CLANG_WARN_ASSIGN_ENUM = YES;
				CLANG_WARN_BLOCK_CAPTURE_AUTORELEASING = YES;
				CLANG_WARN_BOOL_CONVERSION = YES;
				CLANG_WARN_COMMA = YES;
				CLANG_WARN_CONSTANT_CONVERSION = YES;
				CLANG_WARN_DEPRECATED_OBJC_IMPLEMENTATIONS = YES;
				CLANG_WARN_DIRECT_OBJC_ISA_USAGE = YES_ERROR;
				CLANG_WARN_DOCUMENTATION_COMMENTS = NO;
				CLANG_WARN_EMPTY_BODY = YES;
				CLANG_WARN_ENUM_CONVERSION = YES;
				CLANG_WARN_IMPLICIT_SIGN_CONVERSION = YES;
				CLANG_WARN_INFINITE_RECURSION = YES;
				CLANG_WARN_INT_CONVERSION = YES;
				CLANG_WARN_NON_LITERAL_NULL_CONVERSION = YES;
				CLANG_WARN_OBJC_IMPLICIT_RETAIN_SELF = YES;
				CLANG_WARN_OBJC_LITERAL_CONVERSION = YES;
				CLANG_WARN_OBJC_ROOT_CLASS = YES_ERROR;
				CLANG_WARN_QUOTED_INCLUDE_IN_FRAMEWORK_HEADER = YES;
				CLANG_WARN_RANGE_LOOP_ANALYSIS = YES;
				CLANG_WARN_SEMICOLON_BEFORE_METHOD_BODY = YES;
				CLANG_WARN_STRICT_PROTOTYPES = YES;
				CLANG_WARN_SUSPICIOUS_IMPLICIT_CONVERSION = YES;
				CLANG_WARN_SUSPICIOUS_MOVE = YES;
				CLANG_WARN_UNGUARDED_AVAILABILITY = YES_AGGRESSIVE;
				CLANG_WARN_UNREACHABLE_CODE = YES;
				CLANG_WARN__DUPLICATE_METHOD_MATCH = YES;
				COPY_PHASE_STRIP = NO;
				DEBUG_INFORMATION_FORMAT = dwarf;
				ENABLE_STRICT_OBJC_MSGSEND = YES;
				ENABLE_TESTABILITY = YES;
				GCC_C_LANGUAGE_STANDARD = gnu11;
				GCC_DYNAMIC_NO_PIC = NO;
				GCC_NO_COMMON_BLOCKS = YES;
				GCC_OPTIMIZATION_LEVEL = 0;
				GCC_PREPROCESSOR_DEFINITIONS = (
					"DEBUG=1",
					"$(inherited)",
				);
				GCC_WARN_64_TO_32_BIT_CONVERSION = YES;
				GCC_WARN_ABOUT_MISSING_FIELD_INITIALIZERS = YES;
				GCC_WARN_ABOUT_MISSING_PROTOTYPES = YES;
				GCC_WARN_ABOUT_RETURN_TYPE = YES_ERROR;
				GCC_WARN_INITIALIZER_NOT_FULLY_BRACKETED = YES;
				GCC_WARN_SHADOW = YES;
				GCC_WARN_SIGN_COMPARE = YES;
				GCC_WARN_UNDECLARED_SELECTOR = YES;
				GCC_WARN_UNINITIALIZED_AUTOS = YES_AGGRESSIVE;
				GCC_WARN_UNKNOWN_PRAGMAS = YES;
				GCC_WARN_UNUSED_FUNCTION = YES;
				GCC_WARN_UNUSED_LABEL = YES;
				GCC_WARN_UNUSED_PARAMETER = NO;
				GCC_WARN_UNUSED_VARIABLE = YES;
				HEADER_SEARCH_PATHS = (
					../Network,
					../Utils,
					/usr/local/Cellar/glew/2.1.0_1/include,
					/usr/local/Cellar/glfw/3.3.2/include,
				);
				LIBRARY_SEARCH_PATHS = (
					../Network,
					../Utils,
					/usr/local/Cellar/glfw/3.3.2/lib/,
					/usr/local/Cellar/glew/2.1.0_1/lib/,
				);
				MACOSX_DEPLOYMENT_TARGET = 11.1;
				MTL_ENABLE_DEBUG_INFO = INCLUDE_SOURCE;
				MTL_FAST_MATH = YES;
				ONLY_ACTIVE_ARCH = YES;
				OTHER_LDFLAGS = (
					"-lglfw",
					"-lGLEW",
					"-framework",
					OpenGL,
					"-L../Utils",
					"-lutils",
					"-L../Network",
					"-lnetwork",
				);
				SDKROOT = macosx;
			};
			name = Debug;
		};
		A231F10525EAF61A00CBFC23 /* Release */ = {
			isa = XCBuildConfiguration;
			buildSettings = {
				ALWAYS_SEARCH_USER_PATHS = NO;
				CLANG_ANALYZER_NONNULL = YES;
				CLANG_ANALYZER_NUMBER_OBJECT_CONVERSION = YES_AGGRESSIVE;
				CLANG_CXX_LANGUAGE_STANDARD = "gnu++17";
				CLANG_CXX_LIBRARY = "libc++";
				CLANG_ENABLE_MODULES = YES;
				CLANG_ENABLE_OBJC_ARC = YES;
				CLANG_ENABLE_OBJC_WEAK = YES;
				CLANG_WARN_ASSIGN_ENUM = YES;
				CLANG_WARN_BLOCK_CAPTURE_AUTORELEASING = YES;
				CLANG_WARN_BOOL_CONVERSION = YES;
				CLANG_WARN_COMMA = YES;
				CLANG_WARN_CONSTANT_CONVERSION = YES;
				CLANG_WARN_DEPRECATED_OBJC_IMPLEMENTATIONS = YES;
				CLANG_WARN_DIRECT_OBJC_ISA_USAGE = YES_ERROR;
				CLANG_WARN_DOCUMENTATION_COMMENTS = NO;
				CLANG_WARN_EMPTY_BODY = YES;
				CLANG_WARN_ENUM_CONVERSION = YES;
				CLANG_WARN_IMPLICIT_SIGN_CONVERSION = YES;
				CLANG_WARN_INFINITE_RECURSION = YES;
				CLANG_WARN_INT_CONVERSION = YES;
				CLANG_WARN_NON_LITERAL_NULL_CONVERSION = YES;
				CLANG_WARN_OBJC_IMPLICIT_RETAIN_SELF = YES;
				CLANG_WARN_OBJC_LITERAL_CONVERSION = YES;
				CLANG_WARN_OBJC_ROOT_CLASS = YES_ERROR;
				CLANG_WARN_QUOTED_INCLUDE_IN_FRAMEWORK_HEADER = YES;
				CLANG_WARN_RANGE_LOOP_ANALYSIS = YES;
				CLANG_WARN_SEMICOLON_BEFORE_METHOD_BODY = YES;
				CLANG_WARN_STRICT_PROTOTYPES = YES;
				CLANG_WARN_SUSPICIOUS_IMPLICIT_CONVERSION = YES;
				CLANG_WARN_SUSPICIOUS_MOVE = YES;
				CLANG_WARN_UNGUARDED_AVAILABILITY = YES_AGGRESSIVE;
				CLANG_WARN_UNREACHABLE_CODE = YES;
				CLANG_WARN__DUPLICATE_METHOD_MATCH = YES;
				COPY_PHASE_STRIP = NO;
				DEBUG_INFORMATION_FORMAT = "dwarf-with-dsym";
				ENABLE_NS_ASSERTIONS = NO;
				ENABLE_STRICT_OBJC_MSGSEND = YES;
				GCC_C_LANGUAGE_STANDARD = gnu11;
				GCC_NO_COMMON_BLOCKS = YES;
				GCC_WARN_64_TO_32_BIT_CONVERSION = YES;
				GCC_WARN_ABOUT_MISSING_FIELD_INITIALIZERS = YES;
				GCC_WARN_ABOUT_MISSING_PROTOTYPES = YES;
				GCC_WARN_ABOUT_RETURN_TYPE = YES_ERROR;
				GCC_WARN_INITIALIZER_NOT_FULLY_BRACKETED = YES;
				GCC_WARN_SHADOW = YES;
				GCC_WARN_SIGN_COMPARE = YES;
				GCC_WARN_UNDECLARED_SELECTOR = YES;
				GCC_WARN_UNINITIALIZED_AUTOS = YES_AGGRESSIVE;
				GCC_WARN_UNKNOWN_PRAGMAS = YES;
				GCC_WARN_UNUSED_FUNCTION = YES;
				GCC_WARN_UNUSED_LABEL = YES;
				GCC_WARN_UNUSED_PARAMETER = NO;
				GCC_WARN_UNUSED_VARIABLE = YES;
				HEADER_SEARCH_PATHS = (
					../Network,
					../Utils,
					/usr/local/Cellar/glew/2.1.0_1/include,
					/usr/local/Cellar/glfw/3.3.2/include,
				);
				LIBRARY_SEARCH_PATHS = (
					../Network,
					../Utils,
					/usr/local/Cellar/glfw/3.3.2/lib/,
					/usr/local/Cellar/glew/2.1.0_1/lib/,
				);
				MACOSX_DEPLOYMENT_TARGET = 11.1;
				MTL_ENABLE_DEBUG_INFO = NO;
				MTL_FAST_MATH = YES;
				OTHER_LDFLAGS = (
					"-lglfw",
					"-lGLEW",
					"-framework",
					OpenGL,
					"-L../Utils",
					"-lutils",
					"-L../Network",
					"-lnetwork",
				);
				SDKROOT = macosx;
			};
			name = Release;
		};
		A231F10725EAF61A00CBFC23 /* Debug */ = {
			isa = XCBuildConfiguration;
			buildSettings = {
				CODE_SIGN_STYLE = Automatic;
				PRODUCT_NAME = "$(TARGET_NAME)";
			};
			name = Debug;
		};
		A231F10825EAF61A00CBFC23 /* Release */ = {
			isa = XCBuildConfiguration;
			buildSettings = {
				CODE_SIGN_STYLE = Automatic;
				PRODUCT_NAME = "$(TARGET_NAME)";
			};
			name = Release;
		};
/* End XCBuildConfiguration section */

/* Begin XCConfigurationList section */
		A231F0FA25EAF61A00CBFC23 /* Build configuration list for PBXProject "BattleShips" */ = {
			isa = XCConfigurationList;
			buildConfigurations = (
				A231F10425EAF61A00CBFC23 /* Debug */,
				A231F10525EAF61A00CBFC23 /* Release */,
			);
			defaultConfigurationIsVisible = 0;
			defaultConfigurationName = Release;
		};
		A231F10625EAF61A00CBFC23 /* Build configuration list for PBXNativeTarget "Battleships" */ = {
			isa = XCConfigurationList;
			buildConfigurations = (
				A231F10725EAF61A00CBFC23 /* Debug */,
				A231F10825EAF61A00CBFC23 /* Release */,
			);
			defaultConfigurationIsVisible = 0;
			defaultConfigurationName = Release;
		};
/* End XCConfigurationList section */
	};
	rootObject = A231F0F725EAF61A00CBFC23 /* Project object */;
}
