
Microsoft Visual Studio Solution File, Format Version 12.00
# Visual Studio Version 16
VisualStudioVersion = 16.0.31321.278
MinimumVisualStudioVersion = 10.0.40219.1
Project("{8BC9CEB8-8B4A-11D0-8D11-00A0C91BC942}") = "GameOfLife3D", "GameOfLife3D.vcxproj", "{97D0A3BC-96C1-45BD-B706-6DB74A7E4AC7}"
	ProjectSection(ProjectDependencies) = postProject
		{164A60B9-00CE-4CDA-94DD-CC3366859398} = {164A60B9-00CE-4CDA-94DD-CC3366859398}
	EndProjectSection
EndProject
Project("{8BC9CEB8-8B4A-11D0-8D11-00A0C91BC942}") = "Utils", "..\..\Utils\VS\Utils.vcxproj", "{164A60B9-00CE-4CDA-94DD-CC3366859398}"
EndProject
Global
	GlobalSection(SolutionConfigurationPlatforms) = preSolution
		Debug|x64 = Debug|x64
		Debug|x86 = Debug|x86
		Release|x64 = Release|x64
		Release|x86 = Release|x86
	EndGlobalSection
	GlobalSection(ProjectConfigurationPlatforms) = postSolution
		{97D0A3BC-96C1-45BD-B706-6DB74A7E4AC7}.Debug|x64.ActiveCfg = Debug|x64
		{97D0A3BC-96C1-45BD-B706-6DB74A7E4AC7}.Debug|x64.Build.0 = Debug|x64
		{97D0A3BC-96C1-45BD-B706-6DB74A7E4AC7}.Debug|x86.ActiveCfg = Debug|Win32
		{97D0A3BC-96C1-45BD-B706-6DB74A7E4AC7}.Debug|x86.Build.0 = Debug|Win32
		{97D0A3BC-96C1-45BD-B706-6DB74A7E4AC7}.Release|x64.ActiveCfg = Release|x64
		{97D0A3BC-96C1-45BD-B706-6DB74A7E4AC7}.Release|x64.Build.0 = Release|x64
		{97D0A3BC-96C1-45BD-B706-6DB74A7E4AC7}.Release|x86.ActiveCfg = Release|Win32
		{97D0A3BC-96C1-45BD-B706-6DB74A7E4AC7}.Release|x86.Build.0 = Release|Win32
		{164A60B9-00CE-4CDA-94DD-CC3366859398}.Debug|x64.ActiveCfg = Debug|x64
		{164A60B9-00CE-4CDA-94DD-CC3366859398}.Debug|x64.Build.0 = Debug|x64
		{164A60B9-00CE-4CDA-94DD-CC3366859398}.Debug|x86.ActiveCfg = Debug|Win32
		{164A60B9-00CE-4CDA-94DD-CC3366859398}.Debug|x86.Build.0 = Debug|Win32
		{164A60B9-00CE-4CDA-94DD-CC3366859398}.Release|x64.ActiveCfg = Release|x64
		{164A60B9-00CE-4CDA-94DD-CC3366859398}.Release|x64.Build.0 = Release|x64
		{164A60B9-00CE-4CDA-94DD-CC3366859398}.Release|x86.ActiveCfg = Release|Win32
		{164A60B9-00CE-4CDA-94DD-CC3366859398}.Release|x86.Build.0 = Release|Win32
	EndGlobalSection
	GlobalSection(SolutionProperties) = preSolution
		HideSolutionNode = FALSE
	EndGlobalSection
	GlobalSection(ExtensibilityGlobals) = postSolution
		SolutionGuid = {49A54C50-0FB4-4017-A507-D84C0BFA32EA}
	EndGlobalSection
EndGlobal
