
Microsoft Visual Studio Solution File, Format Version 12.00
# Visual Studio Version 16
VisualStudioVersion = 16.0.30104.148
MinimumVisualStudioVersion = 10.0.40219.1
Project("{8BC9CEB8-8B4A-11D0-8D11-00A0C91BC942}") = "Raytrace", "Raytrace.vcxproj", "{ED23F357-C790-495C-B787-C77A7C19E428}"
EndProject
Global
	GlobalSection(SolutionConfigurationPlatforms) = preSolution
		Debug|x64 = Debug|x64
		Debug|x86 = Debug|x86
		Release|x64 = Release|x64
		Release|x86 = Release|x86
	EndGlobalSection
	GlobalSection(ProjectConfigurationPlatforms) = postSolution
		{ED23F357-C790-495C-B787-C77A7C19E428}.Debug|x64.ActiveCfg = Debug|x64
		{ED23F357-C790-495C-B787-C77A7C19E428}.Debug|x64.Build.0 = Debug|x64
		{ED23F357-C790-495C-B787-C77A7C19E428}.Debug|x86.ActiveCfg = Debug|Win32
		{ED23F357-C790-495C-B787-C77A7C19E428}.Debug|x86.Build.0 = Debug|Win32
		{ED23F357-C790-495C-B787-C77A7C19E428}.Release|x64.ActiveCfg = Release|x64
		{ED23F357-C790-495C-B787-C77A7C19E428}.Release|x64.Build.0 = Release|x64
		{ED23F357-C790-495C-B787-C77A7C19E428}.Release|x86.ActiveCfg = Release|Win32
		{ED23F357-C790-495C-B787-C77A7C19E428}.Release|x86.Build.0 = Release|Win32
	EndGlobalSection
	GlobalSection(SolutionProperties) = preSolution
		HideSolutionNode = FALSE
	EndGlobalSection
	GlobalSection(ExtensibilityGlobals) = postSolution
		SolutionGuid = {9CE41DBF-5361-46F6-97E8-35B2CA511133}
	EndGlobalSection
EndGlobal
