
Microsoft Visual Studio Solution File, Format Version 12.00
# Visual Studio Version 16
VisualStudioVersion = 16.0.31321.278
MinimumVisualStudioVersion = 10.0.40219.1
Project("{8BC9CEB8-8B4A-11D0-8D11-00A0C91BC942}") = "Cube", "Cube.vcxproj", "{8072F310-80FB-4302-85DC-FF1BDC957C3F}"
	ProjectSection(ProjectDependencies) = postProject
		{164A60B9-00CE-4CDA-94DD-CC3366859398} = {164A60B9-00CE-4CDA-94DD-CC3366859398}
	EndProjectSection
EndProject
Project("{8BC9CEB8-8B4A-11D0-8D11-00A0C91BC942}") = "Utils", "..\..\Utils\VS\Utils.vcxproj", "{164A60B9-00CE-4CDA-94DD-CC3366859398}"
EndProject
Global
	GlobalSection(SolutionConfigurationPlatforms) = preSolution
		Debug|x64 = Debug|x64
		Debug|x86 = Debug|x86
		Release|x64 = Release|x64
		Release|x86 = Release|x86
	EndGlobalSection
	GlobalSection(ProjectConfigurationPlatforms) = postSolution
		{8072F310-80FB-4302-85DC-FF1BDC957C3F}.Debug|x64.ActiveCfg = Debug|x64
		{8072F310-80FB-4302-85DC-FF1BDC957C3F}.Debug|x64.Build.0 = Debug|x64
		{8072F310-80FB-4302-85DC-FF1BDC957C3F}.Debug|x86.ActiveCfg = Debug|Win32
		{8072F310-80FB-4302-85DC-FF1BDC957C3F}.Debug|x86.Build.0 = Debug|Win32
		{8072F310-80FB-4302-85DC-FF1BDC957C3F}.Release|x64.ActiveCfg = Release|x64
		{8072F310-80FB-4302-85DC-FF1BDC957C3F}.Release|x64.Build.0 = Release|x64
		{8072F310-80FB-4302-85DC-FF1BDC957C3F}.Release|x86.ActiveCfg = Release|Win32
		{8072F310-80FB-4302-85DC-FF1BDC957C3F}.Release|x86.Build.0 = Release|Win32
		{164A60B9-00CE-4CDA-94DD-CC3366859398}.Debug|x64.ActiveCfg = Debug|x64
		{164A60B9-00CE-4CDA-94DD-CC3366859398}.Debug|x64.Build.0 = Debug|x64
		{164A60B9-00CE-4CDA-94DD-CC3366859398}.Debug|x86.ActiveCfg = Debug|Win32
		{164A60B9-00CE-4CDA-94DD-CC3366859398}.Debug|x86.Build.0 = Debug|Win32
		{164A60B9-00CE-4CDA-94DD-CC3366859398}.Release|x64.ActiveCfg = Release|x64
		{164A60B9-00CE-4CDA-94DD-CC3366859398}.Release|x64.Build.0 = Release|x64
		{164A60B9-00CE-4CDA-94DD-CC3366859398}.Release|x86.ActiveCfg = Release|Win32
		{164A60B9-00CE-4CDA-94DD-CC3366859398}.Release|x86.Build.0 = Release|Win32
	EndGlobalSection
	GlobalSection(SolutionProperties) = preSolution
		HideSolutionNode = FALSE
	EndGlobalSection
	GlobalSection(ExtensibilityGlobals) = postSolution
		SolutionGuid = {609E78A4-7784-4E56-9A3D-2B461C834880}
	EndGlobalSection
EndGlobal
