<?xml version="1.0" encoding="utf-8"?>
<Project ToolsVersion="4.0" xmlns="http://schemas.microsoft.com/developer/msbuild/2003">
  <ItemGroup>
    <Filter Include="Quelldateien">
      <UniqueIdentifier>{4FC737F1-C7A5-4376-A066-2A32D752A2FF}</UniqueIdentifier>
      <Extensions>cpp;c;cc;cxx;c++;def;odl;idl;hpj;bat;asm;asmx</Extensions>
    </Filter>
    <Filter Include="Headerdateien">
      <UniqueIdentifier>{93995380-89BD-4b04-88EB-625FBE52EBFB}</UniqueIdentifier>
      <Extensions>h;hh;hpp;hxx;h++;hm;inl;inc;ipp;xsd</Extensions>
    </Filter>
    <Filter Include="Ressourcendateien">
      <UniqueIdentifier>{67DA6AB6-F800-4c08-8B7A-83BB121AAD01}</UniqueIdentifier>
      <Extensions>rc;ico;cur;bmp;dlg;rc2;rct;bin;rgs;gif;jpg;jpeg;jpe;resx;tiff;tif;png;wav;mfcribbon-ms</Extensions>
    </Filter>
  </ItemGroup>
  <ItemGroup>
    <ClCompile Include="..\main.cpp">
      <Filter>Quelldateien</Filter>
    </ClCompile>
    <ClCompile Include="..\BoardPhase.cpp">
      <Filter>Quelldateien</Filter>
    </ClCompile>
    <ClCompile Include="..\BoardSetupPhase.cpp">
      <Filter>Quelldateien</Filter>
    </ClCompile>
    <ClCompile Include="..\GameClient.cpp">
      <Filter>Quelldateien</Filter>
    </ClCompile>
    <ClCompile Include="..\GameGrid.cpp">
      <Filter>Quelldateien</Filter>
    </ClCompile>
    <ClCompile Include="..\GamePhase.cpp">
      <Filter>Quelldateien</Filter>
    </ClCompile>
    <ClCompile Include="..\InputPhase.cpp">
      <Filter>Quelldateien</Filter>
    </ClCompile>
    <ClCompile Include="..\ShipPlacement.cpp">
      <Filter>Quelldateien</Filter>
    </ClCompile>
    <ClCompile Include="..\TextPhase.cpp">
      <Filter>Quelldateien</Filter>
    </ClCompile>
    <ClCompile Include="..\BattleShips.cpp">
      <Filter>Quelldateien</Filter>
    </ClCompile>
    <ClCompile Include="..\..\25_GenericGameServer\NetGame.cpp">
      <Filter>Quelldateien</Filter>
    </ClCompile>
    <ClCompile Include="..\MainPhase.cpp">
      <Filter>Quelldateien</Filter>
    </ClCompile>
    <ClCompile Include="..\FinishPhase.cpp">
      <Filter>Quelldateien</Filter>
    </ClCompile>
    <ClCompile Include="..\DialogPhase.cpp">
      <Filter>Quelldateien</Filter>
    </ClCompile>
  </ItemGroup>
  <ItemGroup>
    <ClInclude Include="..\BoardPhase.h">
      <Filter>Headerdateien</Filter>
    </ClInclude>
    <ClInclude Include="..\BoardSetupPhase.h">
      <Filter>Headerdateien</Filter>
    </ClInclude>
    <ClInclude Include="..\GameClient.h">
      <Filter>Headerdateien</Filter>
    </ClInclude>
    <ClInclude Include="..\GameGrid.h">
      <Filter>Headerdateien</Filter>
    </ClInclude>
    <ClInclude Include="..\GamePhase.h">
      <Filter>Headerdateien</Filter>
    </ClInclude>
    <ClInclude Include="..\InputPhase.h">
      <Filter>Headerdateien</Filter>
    </ClInclude>
    <ClInclude Include="..\ShipPlacement.h">
      <Filter>Headerdateien</Filter>
    </ClInclude>
    <ClInclude Include="..\TextPhase.h">
      <Filter>Headerdateien</Filter>
    </ClInclude>
    <ClInclude Include="..\BattleShips.h">
      <Filter>Headerdateien</Filter>
    </ClInclude>
    <ClInclude Include="..\..\25_GenericGameServer\NetGame.h">
      <Filter>Headerdateien</Filter>
    </ClInclude>
    <ClInclude Include="..\MainPhase.h">
      <Filter>Headerdateien</Filter>
    </ClInclude>
    <ClInclude Include="..\FinishPhase.h">
      <Filter>Headerdateien</Filter>
    </ClInclude>
    <ClInclude Include="..\DialogPhase.h">
      <Filter>Headerdateien</Filter>
    </ClInclude>
  </ItemGroup>
  <ItemGroup>
    <None Include="..\Messages.inc">
      <Filter>Headerdateien</Filter>
    </None>
  </ItemGroup>
</Project>