
Microsoft Visual Studio Solution File, Format Version 12.00
# Visual Studio Version 16
VisualStudioVersion = 16.0.31321.278
MinimumVisualStudioVersion = 10.0.40219.1
Project("{8BC9CEB8-8B4A-11D0-8D11-00A0C91BC942}") = "Color", "Color.vcxproj", "{D61BEA99-C7AA-4939-B80D-0E95B2BD329A}"
	ProjectSection(ProjectDependencies) = postProject
		{164A60B9-00CE-4CDA-94DD-CC3366859398} = {164A60B9-00CE-4CDA-94DD-CC3366859398}
	EndProjectSection
EndProject
Project("{8BC9CEB8-8B4A-11D0-8D11-00A0C91BC942}") = "Utils", "..\..\Utils\VS\Utils.vcxproj", "{164A60B9-00CE-4CDA-94DD-CC3366859398}"
EndProject
Global
	GlobalSection(SolutionConfigurationPlatforms) = preSolution
		Debug|x64 = Debug|x64
		Debug|x86 = Debug|x86
		Release|x64 = Release|x64
		Release|x86 = Release|x86
	EndGlobalSection
	GlobalSection(ProjectConfigurationPlatforms) = postSolution
		{D61BEA99-C7AA-4939-B80D-0E95B2BD329A}.Debug|x64.ActiveCfg = Debug|x64
		{D61BEA99-C7AA-4939-B80D-0E95B2BD329A}.Debug|x64.Build.0 = Debug|x64
		{D61BEA99-C7AA-4939-B80D-0E95B2BD329A}.Debug|x86.ActiveCfg = Debug|Win32
		{D61BEA99-C7AA-4939-B80D-0E95B2BD329A}.Debug|x86.Build.0 = Debug|Win32
		{D61BEA99-C7AA-4939-B80D-0E95B2BD329A}.Release|x64.ActiveCfg = Release|x64
		{D61BEA99-C7AA-4939-B80D-0E95B2BD329A}.Release|x64.Build.0 = Release|x64
		{D61BEA99-C7AA-4939-B80D-0E95B2BD329A}.Release|x86.ActiveCfg = Release|Win32
		{D61BEA99-C7AA-4939-B80D-0E95B2BD329A}.Release|x86.Build.0 = Release|Win32
		{164A60B9-00CE-4CDA-94DD-CC3366859398}.Debug|x64.ActiveCfg = Debug|x64
		{164A60B9-00CE-4CDA-94DD-CC3366859398}.Debug|x64.Build.0 = Debug|x64
		{164A60B9-00CE-4CDA-94DD-CC3366859398}.Debug|x86.ActiveCfg = Debug|Win32
		{164A60B9-00CE-4CDA-94DD-CC3366859398}.Debug|x86.Build.0 = Debug|Win32
		{164A60B9-00CE-4CDA-94DD-CC3366859398}.Release|x64.ActiveCfg = Release|x64
		{164A60B9-00CE-4CDA-94DD-CC3366859398}.Release|x64.Build.0 = Release|x64
		{164A60B9-00CE-4CDA-94DD-CC3366859398}.Release|x86.ActiveCfg = Release|Win32
		{164A60B9-00CE-4CDA-94DD-CC3366859398}.Release|x86.Build.0 = Release|Win32
	EndGlobalSection
	GlobalSection(SolutionProperties) = preSolution
		HideSolutionNode = FALSE
	EndGlobalSection
	GlobalSection(ExtensibilityGlobals) = postSolution
		SolutionGuid = {AD928322-238D-4042-AEE9-DFB3BB98DFA5}
	EndGlobalSection
EndGlobal
